// !$*UTF8*$!
{
	archiveVersion = 1;
	classes = {
	};
	objectVersion = 56;
	objects = {

/* Begin PBXBuildFile section */
		832895802B6C014300A9CB97 /* NanoSettingsApp.swift in Sources */ = {isa = PBXBuildFile; fileRef = 8328957F2B6C014300A9CB97 /* NanoSettingsApp.swift */; };
		832895822B6C014300A9CB97 /* ContentView.swift in Sources */ = {isa = PBXBuildFile; fileRef = 832895812B6C014300A9CB97 /* ContentView.swift */; };
		832895842B6C014400A9CB97 /* Assets.xcassets in Resources */ = {isa = PBXBuildFile; fileRef = 832895832B6C014400A9CB97 /* Assets.xcassets */; };
		832895872B6C014400A9CB97 /* Preview Assets.xcassets in Resources */ = {isa = PBXBuildFile; fileRef = 832895862B6C014400A9CB97 /* Preview Assets.xcassets */; };
		833936902B6C57F50049FDC7 /* AutoLaunchView.swift in Sources */ = {isa = PBXBuildFile; fileRef = 8339368F2B6C57F50049FDC7 /* AutoLaunchView.swift */; };
		833936922B6C58F30049FDC7 /* BackgroundAppRefreshView.swift in Sources */ = {isa = PBXBuildFile; fileRef = 833936912B6C58F30049FDC7 /* BackgroundAppRefreshView.swift */; };
		833936942B6C5A1B0049FDC7 /* ReturnClockView.swift in Sources */ = {isa = PBXBuildFile; fileRef = 833936932B6C5A1B0049FDC7 /* ReturnClockView.swift */; };
		833936962B6C68890049FDC7 /* IconLabel.swift in Sources */ = {isa = PBXBuildFile; fileRef = 833936952B6C68890049FDC7 /* IconLabel.swift */; };
		833936982B6C69C00049FDC7 /* NightstandModeView.swift in Sources */ = {isa = PBXBuildFile; fileRef = 833936972B6C69C00049FDC7 /* NightstandModeView.swift */; };
		8339369A2B6C6A420049FDC7 /* HandoffView.swift in Sources */ = {isa = PBXBuildFile; fileRef = 833936992B6C6A420049FDC7 /* HandoffView.swift */; };
		8339369C2B6C6ACF0049FDC7 /* WebsiteDataView.swift in Sources */ = {isa = PBXBuildFile; fileRef = 8339369B2B6C6ACF0049FDC7 /* WebsiteDataView.swift */; };
		8339369E2B6C6B720049FDC7 /* ProfilesView.swift in Sources */ = {isa = PBXBuildFile; fileRef = 8339369D2B6C6B720049FDC7 /* ProfilesView.swift */; };
		835DE6072B6C105B00FC23C8 /* NanoSettingsModel.swift in Sources */ = {isa = PBXBuildFile; fileRef = 835DE6062B6C105B00FC23C8 /* NanoSettingsModel.swift */; };
		835DE6092B6C116100FC23C8 /* SettingsLink.swift in Sources */ = {isa = PBXBuildFile; fileRef = 835DE6082B6C116100FC23C8 /* SettingsLink.swift */; };
		835DE60B2B6C134E00FC23C8 /* NotificationsView.swift in Sources */ = {isa = PBXBuildFile; fileRef = 835DE60A2B6C134E00FC23C8 /* NotificationsView.swift */; };
		836D6AB92B6C3FD1008DBB8F /* ShowNotificationsView.swift in Sources */ = {isa = PBXBuildFile; fileRef = 836D6AB82B6C3FD1008DBB8F /* ShowNotificationsView.swift */; };
		836D6ABB2B6C408C008DBB8F /* IconToggle.swift in Sources */ = {isa = PBXBuildFile; fileRef = 836D6ABA2B6C408C008DBB8F /* IconToggle.swift */; };
		836D6ABD2B6C42DD008DBB8F /* GeneralView.swift in Sources */ = {isa = PBXBuildFile; fileRef = 836D6ABC2B6C42DD008DBB8F /* GeneralView.swift */; };
		836D6AC02B6C43B0008DBB8F /* AboutView.swift in Sources */ = {isa = PBXBuildFile; fileRef = 836D6ABF2B6C43B0008DBB8F /* AboutView.swift */; };
		836D6AC22B6C4428008DBB8F /* ClearRow.swift in Sources */ = {isa = PBXBuildFile; fileRef = 836D6AC12B6C4428008DBB8F /* ClearRow.swift */; };
		836D6AC42B6C4682008DBB8F /* SoftwareUpdateView.swift in Sources */ = {isa = PBXBuildFile; fileRef = 836D6AC32B6C4682008DBB8F /* SoftwareUpdateView.swift */; };
		836D6AC62B6C4715008DBB8F /* OrientationView.swift in Sources */ = {isa = PBXBuildFile; fileRef = 836D6AC52B6C4715008DBB8F /* OrientationView.swift */; };
/* End PBXBuildFile section */

/* Begin PBXFileReference section */
		8328957A2B6C014300A9CB97 /* Settings.app */ = {isa = PBXFileReference; explicitFileType = wrapper.application; includeInIndex = 0; path = Settings.app; sourceTree = BUILT_PRODUCTS_DIR; };
		8328957F2B6C014300A9CB97 /* NanoSettingsApp.swift */ = {isa = PBXFileReference; lastKnownFileType = sourcecode.swift; path = NanoSettingsApp.swift; sourceTree = "<group>"; };
		832895812B6C014300A9CB97 /* ContentView.swift */ = {isa = PBXFileReference; lastKnownFileType = sourcecode.swift; path = ContentView.swift; sourceTree = "<group>"; };
		832895832B6C014400A9CB97 /* Assets.xcassets */ = {isa = PBXFileReference; lastKnownFileType = folder.assetcatalog; path = Assets.xcassets; sourceTree = "<group>"; };
		832895862B6C014400A9CB97 /* Preview Assets.xcassets */ = {isa = PBXFileReference; lastKnownFileType = folder.assetcatalog; path = "Preview Assets.xcassets"; sourceTree = "<group>"; };
		8339368F2B6C57F50049FDC7 /* AutoLaunchView.swift */ = {isa = PBXFileReference; lastKnownFileType = sourcecode.swift; path = AutoLaunchView.swift; sourceTree = "<group>"; };
		833936912B6C58F30049FDC7 /* BackgroundAppRefreshView.swift */ = {isa = PBXFileReference; lastKnownFileType = sourcecode.swift; path = BackgroundAppRefreshView.swift; sourceTree = "<group>"; };
		833936932B6C5A1B0049FDC7 /* ReturnClockView.swift */ = {isa = PBXFileReference; lastKnownFileType = sourcecode.swift; path = ReturnClockView.swift; sourceTree = "<group>"; };
		833936952B6C68890049FDC7 /* IconLabel.swift */ = {isa = PBXFileReference; lastKnownFileType = sourcecode.swift; path = IconLabel.swift; sourceTree = "<group>"; };
		833936972B6C69C00049FDC7 /* NightstandModeView.swift */ = {isa = PBXFileReference; lastKnownFileType = sourcecode.swift; path = NightstandModeView.swift; sourceTree = "<group>"; };
		833936992B6C6A420049FDC7 /* HandoffView.swift */ = {isa = PBXFileReference; lastKnownFileType = sourcecode.swift; path = HandoffView.swift; sourceTree = "<group>"; };
		8339369B2B6C6ACF0049FDC7 /* WebsiteDataView.swift */ = {isa = PBXFileReference; lastKnownFileType = sourcecode.swift; path = WebsiteDataView.swift; sourceTree = "<group>"; };
		8339369D2B6C6B720049FDC7 /* ProfilesView.swift */ = {isa = PBXFileReference; lastKnownFileType = sourcecode.swift; path = ProfilesView.swift; sourceTree = "<group>"; };
		835DE6052B6C0B1600FC23C8 /* README.md */ = {isa = PBXFileReference; lastKnownFileType = net.daringfireball.markdown; path = README.md; sourceTree = "<group>"; };
		835DE6062B6C105B00FC23C8 /* NanoSettingsModel.swift */ = {isa = PBXFileReference; lastKnownFileType = sourcecode.swift; path = NanoSettingsModel.swift; sourceTree = "<group>"; };
		835DE6082B6C116100FC23C8 /* SettingsLink.swift */ = {isa = PBXFileReference; lastKnownFileType = sourcecode.swift; path = SettingsLink.swift; sourceTree = "<group>"; };
		835DE60A2B6C134E00FC23C8 /* NotificationsView.swift */ = {isa = PBXFileReference; lastKnownFileType = sourcecode.swift; path = NotificationsView.swift; sourceTree = "<group>"; };
		836D6AB82B6C3FD1008DBB8F /* ShowNotificationsView.swift */ = {isa = PBXFileReference; lastKnownFileType = sourcecode.swift; path = ShowNotificationsView.swift; sourceTree = "<group>"; };
		836D6ABA2B6C408C008DBB8F /* IconToggle.swift */ = {isa = PBXFileReference; lastKnownFileType = sourcecode.swift; path = IconToggle.swift; sourceTree = "<group>"; };
		836D6ABC2B6C42DD008DBB8F /* GeneralView.swift */ = {isa = PBXFileReference; lastKnownFileType = sourcecode.swift; path = GeneralView.swift; sourceTree = "<group>"; };
		836D6ABF2B6C43B0008DBB8F /* AboutView.swift */ = {isa = PBXFileReference; lastKnownFileType = sourcecode.swift; path = AboutView.swift; sourceTree = "<group>"; };
		836D6AC12B6C4428008DBB8F /* ClearRow.swift */ = {isa = PBXFileReference; lastKnownFileType = sourcecode.swift; path = ClearRow.swift; sourceTree = "<group>"; };
		836D6AC32B6C4682008DBB8F /* SoftwareUpdateView.swift */ = {isa = PBXFileReference; lastKnownFileType = sourcecode.swift; path = SoftwareUpdateView.swift; sourceTree = "<group>"; };
		836D6AC52B6C4715008DBB8F /* OrientationView.swift */ = {isa = PBXFileReference; lastKnownFileType = sourcecode.swift; path = OrientationView.swift; sourceTree = "<group>"; };
/* End PBXFileReference section */

/* Begin PBXFrameworksBuildPhase section */
		832895772B6C014300A9CB97 /* Frameworks */ = {
			isa = PBXFrameworksBuildPhase;
			buildActionMask = 2147483647;
			files = (
			);
			runOnlyForDeploymentPostprocessing = 0;
		};
/* End PBXFrameworksBuildPhase section */

/* Begin PBXGroup section */
		8328956D2B6C014300A9CB97 = {
			isa = PBXGroup;
			children = (
				835DE6052B6C0B1600FC23C8 /* README.md */,
				8328957E2B6C014300A9CB97 /* NanoSettings */,
				832895752B6C014300A9CB97 /* Products */,
			);
			sourceTree = "<group>";
		};
		832895752B6C014300A9CB97 /* Products */ = {
			isa = PBXGroup;
			children = (
				8328957A2B6C014300A9CB97 /* Settings.app */,
			);
			name = Products;
			sourceTree = "<group>";
		};
		8328957E2B6C014300A9CB97 /* NanoSettings */ = {
			isa = PBXGroup;
			children = (
				835DE6032B6C09F900FC23C8 /* Models */,
				835DE6042B6C0A0F00FC23C8 /* Templates */,
				835DE6022B6C09F300FC23C8 /* Views */,
				8328957F2B6C014300A9CB97 /* NanoSettingsApp.swift */,
				832895812B6C014300A9CB97 /* ContentView.swift */,
				832895832B6C014400A9CB97 /* Assets.xcassets */,
				832895852B6C014400A9CB97 /* Preview Content */,
			);
			path = NanoSettings;
			sourceTree = "<group>";
		};
		832895852B6C014400A9CB97 /* Preview Content */ = {
			isa = PBXGroup;
			children = (
				832895862B6C014400A9CB97 /* Preview Assets.xcassets */,
			);
			path = "Preview Content";
			sourceTree = "<group>";
		};
		835DE6022B6C09F300FC23C8 /* Views */ = {
			isa = PBXGroup;
			children = (
				836D6AB72B6C3F0D008DBB8F /* Notifications */,
				836D6ABE2B6C43A6008DBB8F /* General */,
				835DE60A2B6C134E00FC23C8 /* NotificationsView.swift */,
				836D6ABC2B6C42DD008DBB8F /* GeneralView.swift */,
			);
			path = Views;
			sourceTree = "<group>";
		};
		835DE6032B6C09F900FC23C8 /* Models */ = {
			isa = PBXGroup;
			children = (
				835DE6062B6C105B00FC23C8 /* NanoSettingsModel.swift */,
			);
			path = Models;
			sourceTree = "<group>";
		};
		835DE6042B6C0A0F00FC23C8 /* Templates */ = {
			isa = PBXGroup;
			children = (
				835DE6082B6C116100FC23C8 /* SettingsLink.swift */,
				836D6ABA2B6C408C008DBB8F /* IconToggle.swift */,
				836D6AC12B6C4428008DBB8F /* ClearRow.swift */,
				833936952B6C68890049FDC7 /* IconLabel.swift */,
			);
			path = Templates;
			sourceTree = "<group>";
		};
		836D6AB72B6C3F0D008DBB8F /* Notifications */ = {
			isa = PBXGroup;
			children = (
				836D6AB82B6C3FD1008DBB8F /* ShowNotificationsView.swift */,
			);
			path = Notifications;
			sourceTree = "<group>";
		};
		836D6ABE2B6C43A6008DBB8F /* General */ = {
			isa = PBXGroup;
			children = (
				836D6ABF2B6C43B0008DBB8F /* AboutView.swift */,
				836D6AC32B6C4682008DBB8F /* SoftwareUpdateView.swift */,
				836D6AC52B6C4715008DBB8F /* OrientationView.swift */,
				8339368F2B6C57F50049FDC7 /* AutoLaunchView.swift */,
				833936912B6C58F30049FDC7 /* BackgroundAppRefreshView.swift */,
				833936932B6C5A1B0049FDC7 /* ReturnClockView.swift */,
				833936972B6C69C00049FDC7 /* NightstandModeView.swift */,
				833936992B6C6A420049FDC7 /* HandoffView.swift */,
				8339369B2B6C6ACF0049FDC7 /* WebsiteDataView.swift */,
				8339369D2B6C6B720049FDC7 /* ProfilesView.swift */,
			);
			path = General;
			sourceTree = "<group>";
		};
/* End PBXGroup section */

/* Begin PBXNativeTarget section */
		832895792B6C014300A9CB97 /* NanoSettings */ = {
			isa = PBXNativeTarget;
			buildConfigurationList = 8328958A2B6C014400A9CB97 /* Build configuration list for PBXNativeTarget "NanoSettings" */;
			buildPhases = (
				832895762B6C014300A9CB97 /* Sources */,
				832895772B6C014300A9CB97 /* Frameworks */,
				832895782B6C014300A9CB97 /* Resources */,
			);
			buildRules = (
			);
			dependencies = (
			);
			name = NanoSettings;
			productName = "NanoSettings Watch App";
			productReference = 8328957A2B6C014300A9CB97 /* Settings.app */;
			productType = "com.apple.product-type.application";
		};
/* End PBXNativeTarget section */

/* Begin PBXProject section */
		8328956E2B6C014300A9CB97 /* Project object */ = {
			isa = PBXProject;
			attributes = {
				BuildIndependentTargetsInParallel = 1;
				LastSwiftUpdateCheck = 1530;
				LastUpgradeCheck = 1530;
				TargetAttributes = {
					832895792B6C014300A9CB97 = {
						CreatedOnToolsVersion = 15.3;
					};
				};
			};
			buildConfigurationList = 832895712B6C014300A9CB97 /* Build configuration list for PBXProject "NanoSettings" */;
			compatibilityVersion = "Xcode 14.0";
			developmentRegion = en;
			hasScannedForEncodings = 0;
			knownRegions = (
				en,
				Base,
			);
			mainGroup = 8328956D2B6C014300A9CB97;
			productRefGroup = 832895752B6C014300A9CB97 /* Products */;
			projectDirPath = "";
			projectRoot = "";
			targets = (
				832895792B6C014300A9CB97 /* NanoSettings */,
			);
		};
/* End PBXProject section */

/* Begin PBXResourcesBuildPhase section */
		832895782B6C014300A9CB97 /* Resources */ = {
			isa = PBXResourcesBuildPhase;
			buildActionMask = 2147483647;
			files = (
				832895872B6C014400A9CB97 /* Preview Assets.xcassets in Resources */,
				832895842B6C014400A9CB97 /* Assets.xcassets in Resources */,
			);
			runOnlyForDeploymentPostprocessing = 0;
		};
/* End PBXResourcesBuildPhase section */

/* Begin PBXSourcesBuildPhase section */
		832895762B6C014300A9CB97 /* Sources */ = {
			isa = PBXSourcesBuildPhase;
			buildActionMask = 2147483647;
			files = (
				8339369E2B6C6B720049FDC7 /* ProfilesView.swift in Sources */,
				836D6ABB2B6C408C008DBB8F /* IconToggle.swift in Sources */,
				833936942B6C5A1B0049FDC7 /* ReturnClockView.swift in Sources */,
				835DE6092B6C116100FC23C8 /* SettingsLink.swift in Sources */,
				833936962B6C68890049FDC7 /* IconLabel.swift in Sources */,
				835DE60B2B6C134E00FC23C8 /* NotificationsView.swift in Sources */,
				836D6AB92B6C3FD1008DBB8F /* ShowNotificationsView.swift in Sources */,
				836D6AC22B6C4428008DBB8F /* ClearRow.swift in Sources */,
				836D6AC02B6C43B0008DBB8F /* AboutView.swift in Sources */,
				832895822B6C014300A9CB97 /* ContentView.swift in Sources */,
				836D6ABD2B6C42DD008DBB8F /* GeneralView.swift in Sources */,
				832895802B6C014300A9CB97 /* NanoSettingsApp.swift in Sources */,
				836D6AC42B6C4682008DBB8F /* SoftwareUpdateView.swift in Sources */,
				833936902B6C57F50049FDC7 /* AutoLaunchView.swift in Sources */,
				835DE6072B6C105B00FC23C8 /* NanoSettingsModel.swift in Sources */,
				833936922B6C58F30049FDC7 /* BackgroundAppRefreshView.swift in Sources */,
				8339369A2B6C6A420049FDC7 /* HandoffView.swift in Sources */,
				833936982B6C69C00049FDC7 /* NightstandModeView.swift in Sources */,
				8339369C2B6C6ACF0049FDC7 /* WebsiteDataView.swift in Sources */,
				836D6AC62B6C4715008DBB8F /* OrientationView.swift in Sources */,
			);
			runOnlyForDeploymentPostprocessing = 0;
		};
/* End PBXSourcesBuildPhase section */

/* Begin XCBuildConfiguration section */
		832895882B6C014400A9CB97 /* Debug */ = {
			isa = XCBuildConfiguration;
			buildSettings = {
				ALWAYS_SEARCH_USER_PATHS = NO;
				ASSETCATALOG_COMPILER_GENERATE_SWIFT_ASSET_SYMBOL_EXTENSIONS = YES;
				CLANG_ANALYZER_NONNULL = YES;
				CLANG_ANALYZER_NUMBER_OBJECT_CONVERSION = YES_AGGRESSIVE;
				CLANG_CXX_LANGUAGE_STANDARD = "gnu++20";
				CLANG_ENABLE_MODULES = YES;
				CLANG_ENABLE_OBJC_ARC = YES;
				CLANG_ENABLE_OBJC_WEAK = YES;
				CLANG_WARN_BLOCK_CAPTURE_AUTORELEASING = YES;
				CLANG_WARN_BOOL_CONVERSION = YES;
				CLANG_WARN_COMMA = YES;
				CLANG_WARN_CONSTANT_CONVERSION = YES;
				CLANG_WARN_DEPRECATED_OBJC_IMPLEMENTATIONS = YES;
				CLANG_WARN_DIRECT_OBJC_ISA_USAGE = YES_ERROR;
				CLANG_WARN_DOCUMENTATION_COMMENTS = YES;
				CLANG_WARN_EMPTY_BODY = YES;
				CLANG_WARN_ENUM_CONVERSION = YES;
				CLANG_WARN_INFINITE_RECURSION = YES;
				CLANG_WARN_INT_CONVERSION = YES;
				CLANG_WARN_NON_LITERAL_NULL_CONVERSION = YES;
				CLANG_WARN_OBJC_IMPLICIT_RETAIN_SELF = YES;
				CLANG_WARN_OBJC_LITERAL_CONVERSION = YES;
				CLANG_WARN_OBJC_ROOT_CLASS = YES_ERROR;
				CLANG_WARN_QUOTED_INCLUDE_IN_FRAMEWORK_HEADER = YES;
				CLANG_WARN_RANGE_LOOP_ANALYSIS = YES;
				CLANG_WARN_STRICT_PROTOTYPES = YES;
				CLANG_WARN_SUSPICIOUS_MOVE = YES;
				CLANG_WARN_UNGUARDED_AVAILABILITY = YES_AGGRESSIVE;
				CLANG_WARN_UNREACHABLE_CODE = YES;
				CLANG_WARN__DUPLICATE_METHOD_MATCH = YES;
				COPY_PHASE_STRIP = NO;
				DEBUG_INFORMATION_FORMAT = dwarf;
				ENABLE_STRICT_OBJC_MSGSEND = YES;
				ENABLE_TESTABILITY = YES;
				ENABLE_USER_SCRIPT_SANDBOXING = YES;
				GCC_C_LANGUAGE_STANDARD = gnu17;
				GCC_DYNAMIC_NO_PIC = NO;
				GCC_NO_COMMON_BLOCKS = YES;
				GCC_OPTIMIZATION_LEVEL = 0;
				GCC_PREPROCESSOR_DEFINITIONS = (
					"DEBUG=1",
					"$(inherited)",
				);
				GCC_WARN_64_TO_32_BIT_CONVERSION = YES;
				GCC_WARN_ABOUT_RETURN_TYPE = YES_ERROR;
				GCC_WARN_UNDECLARED_SELECTOR = YES;
				GCC_WARN_UNINITIALIZED_AUTOS = YES_AGGRESSIVE;
				GCC_WARN_UNUSED_FUNCTION = YES;
				GCC_WARN_UNUSED_VARIABLE = YES;
				LOCALIZATION_PREFERS_STRING_CATALOGS = YES;
				MTL_ENABLE_DEBUG_INFO = INCLUDE_SOURCE;
				MTL_FAST_MATH = YES;
				ONLY_ACTIVE_ARCH = YES;
				SWIFT_ACTIVE_COMPILATION_CONDITIONS = "DEBUG $(inherited)";
				SWIFT_OPTIMIZATION_LEVEL = "-Onone";
			};
			name = Debug;
		};
		832895892B6C014400A9CB97 /* Release */ = {
			isa = XCBuildConfiguration;
			buildSettings = {
				ALWAYS_SEARCH_USER_PATHS = NO;
				ASSETCATALOG_COMPILER_GENERATE_SWIFT_ASSET_SYMBOL_EXTENSIONS = YES;
				CLANG_ANALYZER_NONNULL = YES;
				CLANG_ANALYZER_NUMBER_OBJECT_CONVERSION = YES_AGGRESSIVE;
				CLANG_CXX_LANGUAGE_STANDARD = "gnu++20";
				CLANG_ENABLE_MODULES = YES;
				CLANG_ENABLE_OBJC_ARC = YES;
				CLANG_ENABLE_OBJC_WEAK = YES;
				CLANG_WARN_BLOCK_CAPTURE_AUTORELEASING = YES;
				CLANG_WARN_BOOL_CONVERSION = YES;
				CLANG_WARN_COMMA = YES;
				CLANG_WARN_CONSTANT_CONVERSION = YES;
				CLANG_WARN_DEPRECATED_OBJC_IMPLEMENTATIONS = YES;
				CLANG_WARN_DIRECT_OBJC_ISA_USAGE = YES_ERROR;
				CLANG_WARN_DOCUMENTATION_COMMENTS = YES;
				CLANG_WARN_EMPTY_BODY = YES;
				CLANG_WARN_ENUM_CONVERSION = YES;
				CLANG_WARN_INFINITE_RECURSION = YES;
				CLANG_WARN_INT_CONVERSION = YES;
				CLANG_WARN_NON_LITERAL_NULL_CONVERSION = YES;
				CLANG_WARN_OBJC_IMPLICIT_RETAIN_SELF = YES;
				CLANG_WARN_OBJC_LITERAL_CONVERSION = YES;
				CLANG_WARN_OBJC_ROOT_CLASS = YES_ERROR;
				CLANG_WARN_QUOTED_INCLUDE_IN_FRAMEWORK_HEADER = YES;
				CLANG_WARN_RANGE_LOOP_ANALYSIS = YES;
				CLANG_WARN_STRICT_PROTOTYPES = YES;
				CLANG_WARN_SUSPICIOUS_MOVE = YES;
				CLANG_WARN_UNGUARDED_AVAILABILITY = YES_AGGRESSIVE;
				CLANG_WARN_UNREACHABLE_CODE = YES;
				CLANG_WARN__DUPLICATE_METHOD_MATCH = YES;
				COPY_PHASE_STRIP = NO;
				DEBUG_INFORMATION_FORMAT = "dwarf-with-dsym";
				ENABLE_NS_ASSERTIONS = NO;
				ENABLE_STRICT_OBJC_MSGSEND = YES;
				ENABLE_USER_SCRIPT_SANDBOXING = YES;
				GCC_C_LANGUAGE_STANDARD = gnu17;
				GCC_NO_COMMON_BLOCKS = YES;
				GCC_WARN_64_TO_32_BIT_CONVERSION = YES;
				GCC_WARN_ABOUT_RETURN_TYPE = YES_ERROR;
				GCC_WARN_UNDECLARED_SELECTOR = YES;
				GCC_WARN_UNINITIALIZED_AUTOS = YES_AGGRESSIVE;
				GCC_WARN_UNUSED_FUNCTION = YES;
				GCC_WARN_UNUSED_VARIABLE = YES;
				LOCALIZATION_PREFERS_STRING_CATALOGS = YES;
				MTL_ENABLE_DEBUG_INFO = NO;
				MTL_FAST_MATH = YES;
				SWIFT_COMPILATION_MODE = wholemodule;
			};
			name = Release;
		};
		8328958B2B6C014400A9CB97 /* Debug */ = {
			isa = XCBuildConfiguration;
			buildSettings = {
				ASSETCATALOG_COMPILER_APPICON_NAME = AppIcon;
				ASSETCATALOG_COMPILER_GLOBAL_ACCENT_COLOR_NAME = AccentColor;
				CODE_SIGN_STYLE = Automatic;
				CURRENT_PROJECT_VERSION = 1;
				DEVELOPMENT_ASSET_PATHS = "\"NanoSettings/Preview Content\"";
				ENABLE_PREVIEWS = YES;
				GENERATE_INFOPLIST_FILE = YES;
				INFOPLIST_KEY_UISupportedInterfaceOrientations = "UIInterfaceOrientationPortrait UIInterfaceOrientationPortraitUpsideDown";
				INFOPLIST_KEY_WKWatchOnly = YES;
				LD_RUNPATH_SEARCH_PATHS = (
					"$(inherited)",
					"@executable_path/Frameworks",
				);
				MARKETING_VERSION = 10.4;
				PRODUCT_BUNDLE_IDENTIFIER = com.exaple.NanoSettings;
				PRODUCT_NAME = Settings;
				SDKROOT = watchos;
				SKIP_INSTALL = YES;
				SWIFT_EMIT_LOC_STRINGS = YES;
				SWIFT_VERSION = 5.0;
				TARGETED_DEVICE_FAMILY = 4;
				WATCHOS_DEPLOYMENT_TARGET = 10.4;
			};
			name = Debug;
		};
		8328958C2B6C014400A9CB97 /* Release */ = {
			isa = XCBuildConfiguration;
			buildSettings = {
				ASSETCATALOG_COMPILER_APPICON_NAME = AppIcon;
				ASSETCATALOG_COMPILER_GLOBAL_ACCENT_COLOR_NAME = AccentColor;
				CODE_SIGN_STYLE = Automatic;
				CURRENT_PROJECT_VERSION = 1;
				DEVELOPMENT_ASSET_PATHS = "\"NanoSettings/Preview Content\"";
				ENABLE_PREVIEWS = YES;
				GENERATE_INFOPLIST_FILE = YES;
				INFOPLIST_KEY_UISupportedInterfaceOrientations = "UIInterfaceOrientationPortrait UIInterfaceOrientationPortraitUpsideDown";
				INFOPLIST_KEY_WKWatchOnly = YES;
				LD_RUNPATH_SEARCH_PATHS = (
					"$(inherited)",
					"@executable_path/Frameworks",
				);
				MARKETING_VERSION = 10.4;
				PRODUCT_BUNDLE_IDENTIFIER = com.exaple.NanoSettings;
				PRODUCT_NAME = Settings;
				SDKROOT = watchos;
				SKIP_INSTALL = YES;
				SWIFT_EMIT_LOC_STRINGS = YES;
				SWIFT_VERSION = 5.0;
				TARGETED_DEVICE_FAMILY = 4;
				VALIDATE_PRODUCT = YES;
				WATCHOS_DEPLOYMENT_TARGET = 10.4;
			};
			name = Release;
		};
/* End XCBuildConfiguration section */

/* Begin XCConfigurationList section */
		832895712B6C014300A9CB97 /* Build configuration list for PBXProject "NanoSettings" */ = {
			isa = XCConfigurationList;
			buildConfigurations = (
				832895882B6C014400A9CB97 /* Debug */,
				832895892B6C014400A9CB97 /* Release */,
			);
			defaultConfigurationIsVisible = 0;
			defaultConfigurationName = Release;
		};
		8328958A2B6C014400A9CB97 /* Build configuration list for PBXNativeTarget "NanoSettings" */ = {
			isa = XCConfigurationList;
			buildConfigurations = (
				8328958B2B6C014400A9CB97 /* Debug */,
				8328958C2B6C014400A9CB97 /* Release */,
			);
			defaultConfigurationIsVisible = 0;
			defaultConfigurationName = Release;
		};
/* End XCConfigurationList section */
	};
	rootObject = 8328956E2B6C014300A9CB97 /* Project object */;
}
