// !$*UTF8*$!
{
	archiveVersion = 1;
	classes = {
	};
	objectVersion = 56;
	objects = {

/* Begin PBXBuildFile section */
		8305D19F2B7145220031865E /* PasscodeView.swift in Sources */ = {isa = PBXBuildFile; fileRef = 8305D19E2B7145220031865E /* PasscodeView.swift */; };
		8305D1A12B7149130031865E /* SOSView.swift in Sources */ = {isa = PBXBuildFile; fileRef = 8305D1A02B7149130031865E /* SOSView.swift */; };
		8305D1A42B7149D00031865E /* HoldSideButtonView.swift in Sources */ = {isa = PBXBuildFile; fileRef = 8305D1A32B7149D00031865E /* HoldSideButtonView.swift */; };
		8305D1A62B714B740031865E /* MedicalView.swift in Sources */ = {isa = PBXBuildFile; fileRef = 8305D1A52B714B740031865E /* MedicalView.swift */; };
		8319878D2B6ECBD9009937B0 /* TouchAccommodationsView.swift in Sources */ = {isa = PBXBuildFile; fileRef = 8319878C2B6ECBD9009937B0 /* TouchAccommodationsView.swift */; };
		831987902B6ECF10009937B0 /* SwipeGesturesView.swift in Sources */ = {isa = PBXBuildFile; fileRef = 8319878F2B6ECF10009937B0 /* SwipeGesturesView.swift */; };
		831987922B6EEC10009937B0 /* AccessibilitySiriView.swift in Sources */ = {isa = PBXBuildFile; fileRef = 831987912B6EEC10009937B0 /* AccessibilitySiriView.swift */; };
		831987942B6EF020009937B0 /* LiveSpeechView.swift in Sources */ = {isa = PBXBuildFile; fileRef = 831987932B6EF020009937B0 /* LiveSpeechView.swift */; };
		831987972B6EF289009937B0 /* FavoritePhrasesView.swift in Sources */ = {isa = PBXBuildFile; fileRef = 831987962B6EF289009937B0 /* FavoritePhrasesView.swift */; };
		831987992B6EF4DF009937B0 /* VoicesView.swift in Sources */ = {isa = PBXBuildFile; fileRef = 831987982B6EF4DF009937B0 /* VoicesView.swift */; };
		8319879C2B6EF808009937B0 /* VoicesDetailView.swift in Sources */ = {isa = PBXBuildFile; fileRef = 8319879B2B6EF808009937B0 /* VoicesDetailView.swift */; };
		8319879E2B6EFA76009937B0 /* AccessibilityShortcutView.swift in Sources */ = {isa = PBXBuildFile; fileRef = 8319879D2B6EFA76009937B0 /* AccessibilityShortcutView.swift */; };
		832895802B6C014300A9CB97 /* NanoSettingsApp.swift in Sources */ = {isa = PBXBuildFile; fileRef = 8328957F2B6C014300A9CB97 /* NanoSettingsApp.swift */; };
		832895822B6C014300A9CB97 /* ContentView.swift in Sources */ = {isa = PBXBuildFile; fileRef = 832895812B6C014300A9CB97 /* ContentView.swift */; };
		832895842B6C014400A9CB97 /* Assets.xcassets in Resources */ = {isa = PBXBuildFile; fileRef = 832895832B6C014400A9CB97 /* Assets.xcassets */; };
		832895872B6C014400A9CB97 /* Preview Assets.xcassets in Resources */ = {isa = PBXBuildFile; fileRef = 832895862B6C014400A9CB97 /* Preview Assets.xcassets */; };
		833936902B6C57F50049FDC7 /* AutoLaunchView.swift in Sources */ = {isa = PBXBuildFile; fileRef = 8339368F2B6C57F50049FDC7 /* AutoLaunchView.swift */; };
		833936922B6C58F30049FDC7 /* BackgroundAppRefreshView.swift in Sources */ = {isa = PBXBuildFile; fileRef = 833936912B6C58F30049FDC7 /* BackgroundAppRefreshView.swift */; };
		833936942B6C5A1B0049FDC7 /* ReturnClockView.swift in Sources */ = {isa = PBXBuildFile; fileRef = 833936932B6C5A1B0049FDC7 /* ReturnClockView.swift */; };
		833936962B6C68890049FDC7 /* IconLabel.swift in Sources */ = {isa = PBXBuildFile; fileRef = 833936952B6C68890049FDC7 /* IconLabel.swift */; };
		833936982B6C69C00049FDC7 /* NightstandModeView.swift in Sources */ = {isa = PBXBuildFile; fileRef = 833936972B6C69C00049FDC7 /* NightstandModeView.swift */; };
		8339369A2B6C6A420049FDC7 /* HandoffView.swift in Sources */ = {isa = PBXBuildFile; fileRef = 833936992B6C6A420049FDC7 /* HandoffView.swift */; };
		8339369C2B6C6ACF0049FDC7 /* WebsiteDataView.swift in Sources */ = {isa = PBXBuildFile; fileRef = 8339369B2B6C6ACF0049FDC7 /* WebsiteDataView.swift */; };
		8339369E2B6C6B720049FDC7 /* ProfilesView.swift in Sources */ = {isa = PBXBuildFile; fileRef = 8339369D2B6C6B720049FDC7 /* ProfilesView.swift */; };
		833936A12B6C716D0049FDC7 /* FocusView.swift in Sources */ = {isa = PBXBuildFile; fileRef = 833936A02B6C716D0049FDC7 /* FocusView.swift */; };
		833936A42B6C73580049FDC7 /* DoNotDisturbView.swift in Sources */ = {isa = PBXBuildFile; fileRef = 833936A32B6C73580049FDC7 /* DoNotDisturbView.swift */; };
		833936A62B6C75D10049FDC7 /* SymbolLink.swift in Sources */ = {isa = PBXBuildFile; fileRef = 833936A52B6C75D10049FDC7 /* SymbolLink.swift */; };
		833936A82B6C77EA0049FDC7 /* ScheduleView.swift in Sources */ = {isa = PBXBuildFile; fileRef = 833936A72B6C77EA0049FDC7 /* ScheduleView.swift */; };
		833936AB2B6C80FF0049FDC7 /* AirplaneModeView.swift in Sources */ = {isa = PBXBuildFile; fileRef = 833936AA2B6C80FF0049FDC7 /* AirplaneModeView.swift */; };
		833D23152B70442A00EB3E8F /* SoundsHapticsView.swift in Sources */ = {isa = PBXBuildFile; fileRef = 833D23142B70442A00EB3E8F /* SoundsHapticsView.swift */; };
		833D23182B70456F00EB3E8F /* HeadphoneSafetyView.swift in Sources */ = {isa = PBXBuildFile; fileRef = 833D23172B70456F00EB3E8F /* HeadphoneSafetyView.swift */; };
		833D231B2B70463000EB3E8F /* HeadphoneNotificationsView.swift in Sources */ = {isa = PBXBuildFile; fileRef = 833D231A2B70463000EB3E8F /* HeadphoneNotificationsView.swift */; };
		833D231D2B70478200EB3E8F /* ReduceLoudSoundsView.swift in Sources */ = {isa = PBXBuildFile; fileRef = 833D231C2B70478200EB3E8F /* ReduceLoudSoundsView.swift */; };
		8353FA732B73592D00C78938 /* ClockView.swift in Sources */ = {isa = PBXBuildFile; fileRef = 8353FA722B73592D00C78938 /* ClockView.swift */; };
		8353FA752B73F52C00C78938 /* RowLabel.swift in Sources */ = {isa = PBXBuildFile; fileRef = 8353FA742B73F52C00C78938 /* RowLabel.swift */; };
		8353FA782B73F5C300C78938 /* ClockSoundsView.swift in Sources */ = {isa = PBXBuildFile; fileRef = 8353FA772B73F5C300C78938 /* ClockSoundsView.swift */; };
		8353FA7A2B73F73800C78938 /* TapticTimeView.swift in Sources */ = {isa = PBXBuildFile; fileRef = 8353FA792B73F73800C78938 /* TapticTimeView.swift */; };
		8353FA7C2B73F8E800C78938 /* SiriFaceDataSourcesView.swift in Sources */ = {isa = PBXBuildFile; fileRef = 8353FA7B2B73F8E800C78938 /* SiriFaceDataSourcesView.swift */; };
		835DE6072B6C105B00FC23C8 /* NanoSettingsModel.swift in Sources */ = {isa = PBXBuildFile; fileRef = 835DE6062B6C105B00FC23C8 /* NanoSettingsModel.swift */; };
		835DE6092B6C116100FC23C8 /* SettingsLink.swift in Sources */ = {isa = PBXBuildFile; fileRef = 835DE6082B6C116100FC23C8 /* SettingsLink.swift */; };
		835DE60B2B6C134E00FC23C8 /* NotificationsView.swift in Sources */ = {isa = PBXBuildFile; fileRef = 835DE60A2B6C134E00FC23C8 /* NotificationsView.swift */; };
		836D6AB92B6C3FD1008DBB8F /* ShowNotificationsView.swift in Sources */ = {isa = PBXBuildFile; fileRef = 836D6AB82B6C3FD1008DBB8F /* ShowNotificationsView.swift */; };
		836D6ABB2B6C408C008DBB8F /* IconToggle.swift in Sources */ = {isa = PBXBuildFile; fileRef = 836D6ABA2B6C408C008DBB8F /* IconToggle.swift */; };
		836D6ABD2B6C42DD008DBB8F /* GeneralView.swift in Sources */ = {isa = PBXBuildFile; fileRef = 836D6ABC2B6C42DD008DBB8F /* GeneralView.swift */; };
		836D6AC02B6C43B0008DBB8F /* AboutView.swift in Sources */ = {isa = PBXBuildFile; fileRef = 836D6ABF2B6C43B0008DBB8F /* AboutView.swift */; };
		836D6AC22B6C4428008DBB8F /* ClearRow.swift in Sources */ = {isa = PBXBuildFile; fileRef = 836D6AC12B6C4428008DBB8F /* ClearRow.swift */; };
		836D6AC42B6C4682008DBB8F /* SoftwareUpdateView.swift in Sources */ = {isa = PBXBuildFile; fileRef = 836D6AC32B6C4682008DBB8F /* SoftwareUpdateView.swift */; };
		836D6AC62B6C4715008DBB8F /* OrientationView.swift in Sources */ = {isa = PBXBuildFile; fileRef = 836D6AC52B6C4715008DBB8F /* OrientationView.swift */; };
		83A04AE72B6E124900C34E53 /* ChimesView.swift in Sources */ = {isa = PBXBuildFile; fileRef = 83A04AE62B6E124900C34E53 /* ChimesView.swift */; };
		83A04AEA2B6E131400C34E53 /* ChimesScheduleView.swift in Sources */ = {isa = PBXBuildFile; fileRef = 83A04AE92B6E131400C34E53 /* ChimesScheduleView.swift */; };
		83A04AEC2B6E147200C34E53 /* ChimesSoundsView.swift in Sources */ = {isa = PBXBuildFile; fileRef = 83A04AEB2B6E147200C34E53 /* ChimesSoundsView.swift */; };
		83A04AEE2B6E164D00C34E53 /* QuickActionsView.swift in Sources */ = {isa = PBXBuildFile; fileRef = 83A04AED2B6E164D00C34E53 /* QuickActionsView.swift */; };
		83A2929F2B7280D20028907F /* PrivacySecurityView.swift in Sources */ = {isa = PBXBuildFile; fileRef = 83A2929E2B7280D20028907F /* PrivacySecurityView.swift */; };
		83A292A52B728DD80028907F /* LocationServicesView.swift in Sources */ = {isa = PBXBuildFile; fileRef = 83A292A42B728DD80028907F /* LocationServicesView.swift */; };
		83A292A72B7294DF0028907F /* LocationServicesDetailView.swift in Sources */ = {isa = PBXBuildFile; fileRef = 83A292A62B7294DF0028907F /* LocationServicesDetailView.swift */; };
		83A292A92B72960C0028907F /* SystemServicesView.swift in Sources */ = {isa = PBXBuildFile; fileRef = 83A292A82B72960C0028907F /* SystemServicesView.swift */; };
		83A292AC2B72984B0028907F /* AppPermissionsDetailView.swift in Sources */ = {isa = PBXBuildFile; fileRef = 83A292AB2B72984B0028907F /* AppPermissionsDetailView.swift */; };
		83A292AE2B729CFF0028907F /* HealthView.swift in Sources */ = {isa = PBXBuildFile; fileRef = 83A292AD2B729CFF0028907F /* HealthView.swift */; };
		83A292B12B729D7A0028907F /* HeartRateView.swift in Sources */ = {isa = PBXBuildFile; fileRef = 83A292B02B729D7A0028907F /* HeartRateView.swift */; };
		83A292B32B729DE90028907F /* TimeDaylightView.swift in Sources */ = {isa = PBXBuildFile; fileRef = 83A292B22B729DE90028907F /* TimeDaylightView.swift */; };
		83A292B52B729E2E0028907F /* HeadphoneAudioLevelsView.swift in Sources */ = {isa = PBXBuildFile; fileRef = 83A292B42B729E2E0028907F /* HeadphoneAudioLevelsView.swift */; };
		83B7CD3A2B7019860024307F /* LanguageView.swift in Sources */ = {isa = PBXBuildFile; fileRef = 83B7CD392B7019860024307F /* LanguageView.swift */; };
		83B7CD3C2B701D1A0024307F /* SiriResponsesView.swift in Sources */ = {isa = PBXBuildFile; fileRef = 83B7CD3B2B701D1A0024307F /* SiriResponsesView.swift */; };
		83B7CD3E2B701E420024307F /* SiriSuggestionsDetailView.swift in Sources */ = {isa = PBXBuildFile; fileRef = 83B7CD3D2B701E420024307F /* SiriSuggestionsDetailView.swift */; };
		83E6C38E2B6F1152003DDBC7 /* SiriView.swift in Sources */ = {isa = PBXBuildFile; fileRef = 83E6C38D2B6F1152003DDBC7 /* SiriView.swift */; };
		83E6C3912B6F16D4003DDBC7 /* SiriHistoryView.swift in Sources */ = {isa = PBXBuildFile; fileRef = 83E6C3902B6F16D4003DDBC7 /* SiriHistoryView.swift */; };
		83EDDA7F2B6D267500DC2F2B /* DisplayBrightnessView.swift in Sources */ = {isa = PBXBuildFile; fileRef = 83EDDA7E2B6D267500DC2F2B /* DisplayBrightnessView.swift */; };
		83EDDA822B6D2EBE00DC2F2B /* TextSizeView.swift in Sources */ = {isa = PBXBuildFile; fileRef = 83EDDA812B6D2EBE00DC2F2B /* TextSizeView.swift */; };
		83EDDA842B6D2FC200DC2F2B /* AlwaysOnView.swift in Sources */ = {isa = PBXBuildFile; fileRef = 83EDDA832B6D2FC200DC2F2B /* AlwaysOnView.swift */; };
		83EDDA872B6D30A000DC2F2B /* ShowComplicationDataView.swift in Sources */ = {isa = PBXBuildFile; fileRef = 83EDDA862B6D30A000DC2F2B /* ShowComplicationDataView.swift */; };
		83EDDA8C2B6D339900DC2F2B /* ReturnClockDetailView.swift in Sources */ = {isa = PBXBuildFile; fileRef = 83EDDA8B2B6D339900DC2F2B /* ReturnClockDetailView.swift */; };
		83EDDA8E2B6D9E2E00DC2F2B /* ShowAppsView.swift in Sources */ = {isa = PBXBuildFile; fileRef = 83EDDA8D2B6D9E2E00DC2F2B /* ShowAppsView.swift */; };
		83EDDA902B6D9F5800DC2F2B /* WakeDurationView.swift in Sources */ = {isa = PBXBuildFile; fileRef = 83EDDA8F2B6D9F5800DC2F2B /* WakeDurationView.swift */; };
		83EDDA922B6DA1A800DC2F2B /* AppView.swift in Sources */ = {isa = PBXBuildFile; fileRef = 83EDDA912B6DA1A800DC2F2B /* AppView.swift */; };
		83EDDA942B6DA5FE00DC2F2B /* GesturesView.swift in Sources */ = {isa = PBXBuildFile; fileRef = 83EDDA932B6DA5FE00DC2F2B /* GesturesView.swift */; };
		83EDDA962B6DA6E900DC2F2B /* DoubleTapView.swift in Sources */ = {isa = PBXBuildFile; fileRef = 83EDDA952B6DA6E900DC2F2B /* DoubleTapView.swift */; };
		83EDDA982B6DA8E800DC2F2B /* AccessibilityView.swift in Sources */ = {isa = PBXBuildFile; fileRef = 83EDDA972B6DA8E800DC2F2B /* AccessibilityView.swift */; };
		83EDDA9B2B6DAAF400DC2F2B /* ReduceMotionView.swift in Sources */ = {isa = PBXBuildFile; fileRef = 83EDDA9A2B6DAAF400DC2F2B /* ReduceMotionView.swift */; };
/* End PBXBuildFile section */

/* Begin PBXFileReference section */
		8305D19E2B7145220031865E /* PasscodeView.swift */ = {isa = PBXFileReference; lastKnownFileType = sourcecode.swift; path = PasscodeView.swift; sourceTree = "<group>"; };
		8305D1A02B7149130031865E /* SOSView.swift */ = {isa = PBXFileReference; lastKnownFileType = sourcecode.swift; path = SOSView.swift; sourceTree = "<group>"; };
		8305D1A32B7149D00031865E /* HoldSideButtonView.swift */ = {isa = PBXFileReference; lastKnownFileType = sourcecode.swift; path = HoldSideButtonView.swift; sourceTree = "<group>"; };
		8305D1A52B714B740031865E /* MedicalView.swift */ = {isa = PBXFileReference; lastKnownFileType = sourcecode.swift; path = MedicalView.swift; sourceTree = "<group>"; };
		8319878C2B6ECBD9009937B0 /* TouchAccommodationsView.swift */ = {isa = PBXFileReference; lastKnownFileType = sourcecode.swift; path = TouchAccommodationsView.swift; sourceTree = "<group>"; };
		8319878F2B6ECF10009937B0 /* SwipeGesturesView.swift */ = {isa = PBXFileReference; lastKnownFileType = sourcecode.swift; path = SwipeGesturesView.swift; sourceTree = "<group>"; };
		831987912B6EEC10009937B0 /* AccessibilitySiriView.swift */ = {isa = PBXFileReference; lastKnownFileType = sourcecode.swift; path = AccessibilitySiriView.swift; sourceTree = "<group>"; };
		831987932B6EF020009937B0 /* LiveSpeechView.swift */ = {isa = PBXFileReference; lastKnownFileType = sourcecode.swift; path = LiveSpeechView.swift; sourceTree = "<group>"; };
		831987962B6EF289009937B0 /* FavoritePhrasesView.swift */ = {isa = PBXFileReference; lastKnownFileType = sourcecode.swift; path = FavoritePhrasesView.swift; sourceTree = "<group>"; };
		831987982B6EF4DF009937B0 /* VoicesView.swift */ = {isa = PBXFileReference; lastKnownFileType = sourcecode.swift; path = VoicesView.swift; sourceTree = "<group>"; };
		8319879B2B6EF808009937B0 /* VoicesDetailView.swift */ = {isa = PBXFileReference; lastKnownFileType = sourcecode.swift; path = VoicesDetailView.swift; sourceTree = "<group>"; };
		8319879D2B6EFA76009937B0 /* AccessibilityShortcutView.swift */ = {isa = PBXFileReference; lastKnownFileType = sourcecode.swift; path = AccessibilityShortcutView.swift; sourceTree = "<group>"; };
		8328957A2B6C014300A9CB97 /* Settings.app */ = {isa = PBXFileReference; explicitFileType = wrapper.application; includeInIndex = 0; path = Settings.app; sourceTree = BUILT_PRODUCTS_DIR; };
		8328957F2B6C014300A9CB97 /* NanoSettingsApp.swift */ = {isa = PBXFileReference; lastKnownFileType = sourcecode.swift; path = NanoSettingsApp.swift; sourceTree = "<group>"; };
		832895812B6C014300A9CB97 /* ContentView.swift */ = {isa = PBXFileReference; lastKnownFileType = sourcecode.swift; path = ContentView.swift; sourceTree = "<group>"; };
		832895832B6C014400A9CB97 /* Assets.xcassets */ = {isa = PBXFileReference; lastKnownFileType = folder.assetcatalog; path = Assets.xcassets; sourceTree = "<group>"; };
		832895862B6C014400A9CB97 /* Preview Assets.xcassets */ = {isa = PBXFileReference; lastKnownFileType = folder.assetcatalog; path = "Preview Assets.xcassets"; sourceTree = "<group>"; };
		8339368F2B6C57F50049FDC7 /* AutoLaunchView.swift */ = {isa = PBXFileReference; lastKnownFileType = sourcecode.swift; path = AutoLaunchView.swift; sourceTree = "<group>"; };
		833936912B6C58F30049FDC7 /* BackgroundAppRefreshView.swift */ = {isa = PBXFileReference; lastKnownFileType = sourcecode.swift; path = BackgroundAppRefreshView.swift; sourceTree = "<group>"; };
		833936932B6C5A1B0049FDC7 /* ReturnClockView.swift */ = {isa = PBXFileReference; lastKnownFileType = sourcecode.swift; path = ReturnClockView.swift; sourceTree = "<group>"; };
		833936952B6C68890049FDC7 /* IconLabel.swift */ = {isa = PBXFileReference; lastKnownFileType = sourcecode.swift; path = IconLabel.swift; sourceTree = "<group>"; };
		833936972B6C69C00049FDC7 /* NightstandModeView.swift */ = {isa = PBXFileReference; lastKnownFileType = sourcecode.swift; path = NightstandModeView.swift; sourceTree = "<group>"; };
		833936992B6C6A420049FDC7 /* HandoffView.swift */ = {isa = PBXFileReference; lastKnownFileType = sourcecode.swift; path = HandoffView.swift; sourceTree = "<group>"; };
		8339369B2B6C6ACF0049FDC7 /* WebsiteDataView.swift */ = {isa = PBXFileReference; lastKnownFileType = sourcecode.swift; path = WebsiteDataView.swift; sourceTree = "<group>"; };
		8339369D2B6C6B720049FDC7 /* ProfilesView.swift */ = {isa = PBXFileReference; lastKnownFileType = sourcecode.swift; path = ProfilesView.swift; sourceTree = "<group>"; };
		833936A02B6C716D0049FDC7 /* FocusView.swift */ = {isa = PBXFileReference; lastKnownFileType = sourcecode.swift; path = FocusView.swift; sourceTree = "<group>"; };
		833936A32B6C73580049FDC7 /* DoNotDisturbView.swift */ = {isa = PBXFileReference; lastKnownFileType = sourcecode.swift; path = DoNotDisturbView.swift; sourceTree = "<group>"; };
		833936A52B6C75D10049FDC7 /* SymbolLink.swift */ = {isa = PBXFileReference; lastKnownFileType = sourcecode.swift; path = SymbolLink.swift; sourceTree = "<group>"; };
		833936A72B6C77EA0049FDC7 /* ScheduleView.swift */ = {isa = PBXFileReference; lastKnownFileType = sourcecode.swift; path = ScheduleView.swift; sourceTree = "<group>"; };
		833936AA2B6C80FF0049FDC7 /* AirplaneModeView.swift */ = {isa = PBXFileReference; lastKnownFileType = sourcecode.swift; path = AirplaneModeView.swift; sourceTree = "<group>"; };
		833D23142B70442A00EB3E8F /* SoundsHapticsView.swift */ = {isa = PBXFileReference; lastKnownFileType = sourcecode.swift; path = SoundsHapticsView.swift; sourceTree = "<group>"; };
		833D23172B70456F00EB3E8F /* HeadphoneSafetyView.swift */ = {isa = PBXFileReference; lastKnownFileType = sourcecode.swift; path = HeadphoneSafetyView.swift; sourceTree = "<group>"; };
		833D231A2B70463000EB3E8F /* HeadphoneNotificationsView.swift */ = {isa = PBXFileReference; lastKnownFileType = sourcecode.swift; path = HeadphoneNotificationsView.swift; sourceTree = "<group>"; };
		833D231C2B70478200EB3E8F /* ReduceLoudSoundsView.swift */ = {isa = PBXFileReference; lastKnownFileType = sourcecode.swift; path = ReduceLoudSoundsView.swift; sourceTree = "<group>"; };
		8353FA722B73592D00C78938 /* ClockView.swift */ = {isa = PBXFileReference; lastKnownFileType = sourcecode.swift; path = ClockView.swift; sourceTree = "<group>"; };
		8353FA742B73F52C00C78938 /* RowLabel.swift */ = {isa = PBXFileReference; lastKnownFileType = sourcecode.swift; path = RowLabel.swift; sourceTree = "<group>"; };
		8353FA772B73F5C300C78938 /* ClockSoundsView.swift */ = {isa = PBXFileReference; lastKnownFileType = sourcecode.swift; path = ClockSoundsView.swift; sourceTree = "<group>"; };
		8353FA792B73F73800C78938 /* TapticTimeView.swift */ = {isa = PBXFileReference; lastKnownFileType = sourcecode.swift; path = TapticTimeView.swift; sourceTree = "<group>"; };
		8353FA7B2B73F8E800C78938 /* SiriFaceDataSourcesView.swift */ = {isa = PBXFileReference; lastKnownFileType = sourcecode.swift; path = SiriFaceDataSourcesView.swift; sourceTree = "<group>"; };
		835DE6052B6C0B1600FC23C8 /* README.md */ = {isa = PBXFileReference; lastKnownFileType = net.daringfireball.markdown; path = README.md; sourceTree = "<group>"; };
		835DE6062B6C105B00FC23C8 /* NanoSettingsModel.swift */ = {isa = PBXFileReference; lastKnownFileType = sourcecode.swift; path = NanoSettingsModel.swift; sourceTree = "<group>"; };
		835DE6082B6C116100FC23C8 /* SettingsLink.swift */ = {isa = PBXFileReference; lastKnownFileType = sourcecode.swift; path = SettingsLink.swift; sourceTree = "<group>"; };
		835DE60A2B6C134E00FC23C8 /* NotificationsView.swift */ = {isa = PBXFileReference; lastKnownFileType = sourcecode.swift; path = NotificationsView.swift; sourceTree = "<group>"; };
		836D6AB82B6C3FD1008DBB8F /* ShowNotificationsView.swift */ = {isa = PBXFileReference; lastKnownFileType = sourcecode.swift; path = ShowNotificationsView.swift; sourceTree = "<group>"; };
		836D6ABA2B6C408C008DBB8F /* IconToggle.swift */ = {isa = PBXFileReference; lastKnownFileType = sourcecode.swift; path = IconToggle.swift; sourceTree = "<group>"; };
		836D6ABC2B6C42DD008DBB8F /* GeneralView.swift */ = {isa = PBXFileReference; lastKnownFileType = sourcecode.swift; path = GeneralView.swift; sourceTree = "<group>"; };
		836D6ABF2B6C43B0008DBB8F /* AboutView.swift */ = {isa = PBXFileReference; lastKnownFileType = sourcecode.swift; path = AboutView.swift; sourceTree = "<group>"; };
		836D6AC12B6C4428008DBB8F /* ClearRow.swift */ = {isa = PBXFileReference; lastKnownFileType = sourcecode.swift; path = ClearRow.swift; sourceTree = "<group>"; };
		836D6AC32B6C4682008DBB8F /* SoftwareUpdateView.swift */ = {isa = PBXFileReference; lastKnownFileType = sourcecode.swift; path = SoftwareUpdateView.swift; sourceTree = "<group>"; };
		836D6AC52B6C4715008DBB8F /* OrientationView.swift */ = {isa = PBXFileReference; lastKnownFileType = sourcecode.swift; path = OrientationView.swift; sourceTree = "<group>"; };
		83A04AE62B6E124900C34E53 /* ChimesView.swift */ = {isa = PBXFileReference; lastKnownFileType = sourcecode.swift; path = ChimesView.swift; sourceTree = "<group>"; };
		83A04AE92B6E131400C34E53 /* ChimesScheduleView.swift */ = {isa = PBXFileReference; lastKnownFileType = sourcecode.swift; path = ChimesScheduleView.swift; sourceTree = "<group>"; };
		83A04AEB2B6E147200C34E53 /* ChimesSoundsView.swift */ = {isa = PBXFileReference; lastKnownFileType = sourcecode.swift; path = ChimesSoundsView.swift; sourceTree = "<group>"; };
		83A04AED2B6E164D00C34E53 /* QuickActionsView.swift */ = {isa = PBXFileReference; lastKnownFileType = sourcecode.swift; path = QuickActionsView.swift; sourceTree = "<group>"; };
		83A2929E2B7280D20028907F /* PrivacySecurityView.swift */ = {isa = PBXFileReference; lastKnownFileType = sourcecode.swift; path = PrivacySecurityView.swift; sourceTree = "<group>"; };
		83A292A42B728DD80028907F /* LocationServicesView.swift */ = {isa = PBXFileReference; lastKnownFileType = sourcecode.swift; path = LocationServicesView.swift; sourceTree = "<group>"; };
		83A292A62B7294DF0028907F /* LocationServicesDetailView.swift */ = {isa = PBXFileReference; lastKnownFileType = sourcecode.swift; path = LocationServicesDetailView.swift; sourceTree = "<group>"; };
		83A292A82B72960C0028907F /* SystemServicesView.swift */ = {isa = PBXFileReference; lastKnownFileType = sourcecode.swift; path = SystemServicesView.swift; sourceTree = "<group>"; };
		83A292AB2B72984B0028907F /* AppPermissionsDetailView.swift */ = {isa = PBXFileReference; lastKnownFileType = sourcecode.swift; path = AppPermissionsDetailView.swift; sourceTree = "<group>"; };
		83A292AD2B729CFF0028907F /* HealthView.swift */ = {isa = PBXFileReference; lastKnownFileType = sourcecode.swift; path = HealthView.swift; sourceTree = "<group>"; };
		83A292B02B729D7A0028907F /* HeartRateView.swift */ = {isa = PBXFileReference; lastKnownFileType = sourcecode.swift; path = HeartRateView.swift; sourceTree = "<group>"; };
		83A292B22B729DE90028907F /* TimeDaylightView.swift */ = {isa = PBXFileReference; lastKnownFileType = sourcecode.swift; path = TimeDaylightView.swift; sourceTree = "<group>"; };
		83A292B42B729E2E0028907F /* HeadphoneAudioLevelsView.swift */ = {isa = PBXFileReference; lastKnownFileType = sourcecode.swift; path = HeadphoneAudioLevelsView.swift; sourceTree = "<group>"; };
		83B7CD392B7019860024307F /* LanguageView.swift */ = {isa = PBXFileReference; lastKnownFileType = sourcecode.swift; path = LanguageView.swift; sourceTree = "<group>"; };
		83B7CD3B2B701D1A0024307F /* SiriResponsesView.swift */ = {isa = PBXFileReference; lastKnownFileType = sourcecode.swift; path = SiriResponsesView.swift; sourceTree = "<group>"; };
		83B7CD3D2B701E420024307F /* SiriSuggestionsDetailView.swift */ = {isa = PBXFileReference; lastKnownFileType = sourcecode.swift; path = SiriSuggestionsDetailView.swift; sourceTree = "<group>"; };
		83E6C38D2B6F1152003DDBC7 /* SiriView.swift */ = {isa = PBXFileReference; lastKnownFileType = sourcecode.swift; path = SiriView.swift; sourceTree = "<group>"; };
		83E6C3902B6F16D4003DDBC7 /* SiriHistoryView.swift */ = {isa = PBXFileReference; lastKnownFileType = sourcecode.swift; path = SiriHistoryView.swift; sourceTree = "<group>"; };
		83EDDA7E2B6D267500DC2F2B /* DisplayBrightnessView.swift */ = {isa = PBXFileReference; lastKnownFileType = sourcecode.swift; path = DisplayBrightnessView.swift; sourceTree = "<group>"; };
		83EDDA812B6D2EBE00DC2F2B /* TextSizeView.swift */ = {isa = PBXFileReference; lastKnownFileType = sourcecode.swift; path = TextSizeView.swift; sourceTree = "<group>"; };
		83EDDA832B6D2FC200DC2F2B /* AlwaysOnView.swift */ = {isa = PBXFileReference; lastKnownFileType = sourcecode.swift; path = AlwaysOnView.swift; sourceTree = "<group>"; };
		83EDDA862B6D30A000DC2F2B /* ShowComplicationDataView.swift */ = {isa = PBXFileReference; lastKnownFileType = sourcecode.swift; path = ShowComplicationDataView.swift; sourceTree = "<group>"; };
		83EDDA8B2B6D339900DC2F2B /* ReturnClockDetailView.swift */ = {isa = PBXFileReference; lastKnownFileType = sourcecode.swift; path = ReturnClockDetailView.swift; sourceTree = "<group>"; };
		83EDDA8D2B6D9E2E00DC2F2B /* ShowAppsView.swift */ = {isa = PBXFileReference; lastKnownFileType = sourcecode.swift; path = ShowAppsView.swift; sourceTree = "<group>"; };
		83EDDA8F2B6D9F5800DC2F2B /* WakeDurationView.swift */ = {isa = PBXFileReference; lastKnownFileType = sourcecode.swift; path = WakeDurationView.swift; sourceTree = "<group>"; };
		83EDDA912B6DA1A800DC2F2B /* AppView.swift */ = {isa = PBXFileReference; lastKnownFileType = sourcecode.swift; path = AppView.swift; sourceTree = "<group>"; };
		83EDDA932B6DA5FE00DC2F2B /* GesturesView.swift */ = {isa = PBXFileReference; lastKnownFileType = sourcecode.swift; path = GesturesView.swift; sourceTree = "<group>"; };
		83EDDA952B6DA6E900DC2F2B /* DoubleTapView.swift */ = {isa = PBXFileReference; lastKnownFileType = sourcecode.swift; path = DoubleTapView.swift; sourceTree = "<group>"; };
		83EDDA972B6DA8E800DC2F2B /* AccessibilityView.swift */ = {isa = PBXFileReference; lastKnownFileType = sourcecode.swift; path = AccessibilityView.swift; sourceTree = "<group>"; };
		83EDDA9A2B6DAAF400DC2F2B /* ReduceMotionView.swift */ = {isa = PBXFileReference; lastKnownFileType = sourcecode.swift; path = ReduceMotionView.swift; sourceTree = "<group>"; };
/* End PBXFileReference section */

/* Begin PBXFrameworksBuildPhase section */
		832895772B6C014300A9CB97 /* Frameworks */ = {
			isa = PBXFrameworksBuildPhase;
			buildActionMask = 2147483647;
			files = (
			);
			runOnlyForDeploymentPostprocessing = 0;
		};
/* End PBXFrameworksBuildPhase section */

/* Begin PBXGroup section */
		8305D1A22B7149BB0031865E /* SOS */ = {
			isa = PBXGroup;
			children = (
				8305D1A32B7149D00031865E /* HoldSideButtonView.swift */,
				8305D1A52B714B740031865E /* MedicalView.swift */,
			);
			path = SOS;
			sourceTree = "<group>";
		};
		8319878E2B6ECF03009937B0 /* Touch Accommodations */ = {
			isa = PBXGroup;
			children = (
				8319878F2B6ECF10009937B0 /* SwipeGesturesView.swift */,
			);
			path = "Touch Accommodations";
			sourceTree = "<group>";
		};
		831987952B6EF27C009937B0 /* Live Speech */ = {
			isa = PBXGroup;
			children = (
				8319879A2B6EF7F6009937B0 /* Voice Language */,
				831987962B6EF289009937B0 /* FavoritePhrasesView.swift */,
				831987982B6EF4DF009937B0 /* VoicesView.swift */,
			);
			path = "Live Speech";
			sourceTree = "<group>";
		};
		8319879A2B6EF7F6009937B0 /* Voice Language */ = {
			isa = PBXGroup;
			children = (
				8319879B2B6EF808009937B0 /* VoicesDetailView.swift */,
			);
			path = "Voice Language";
			sourceTree = "<group>";
		};
		8328956D2B6C014300A9CB97 = {
			isa = PBXGroup;
			children = (
				835DE6052B6C0B1600FC23C8 /* README.md */,
				8328957E2B6C014300A9CB97 /* NanoSettings */,
				832895752B6C014300A9CB97 /* Products */,
			);
			sourceTree = "<group>";
		};
		832895752B6C014300A9CB97 /* Products */ = {
			isa = PBXGroup;
			children = (
				8328957A2B6C014300A9CB97 /* Settings.app */,
			);
			name = Products;
			sourceTree = "<group>";
		};
		8328957E2B6C014300A9CB97 /* NanoSettings */ = {
			isa = PBXGroup;
			children = (
				835DE6032B6C09F900FC23C8 /* Models */,
				835DE6042B6C0A0F00FC23C8 /* Templates */,
				835DE6022B6C09F300FC23C8 /* Views */,
				8328957F2B6C014300A9CB97 /* NanoSettingsApp.swift */,
				832895812B6C014300A9CB97 /* ContentView.swift */,
				832895832B6C014400A9CB97 /* Assets.xcassets */,
				832895852B6C014400A9CB97 /* Preview Content */,
			);
			path = NanoSettings;
			sourceTree = "<group>";
		};
		832895852B6C014400A9CB97 /* Preview Content */ = {
			isa = PBXGroup;
			children = (
				832895862B6C014400A9CB97 /* Preview Assets.xcassets */,
			);
			path = "Preview Content";
			sourceTree = "<group>";
		};
		8339369F2B6C715E0049FDC7 /* Focus */ = {
			isa = PBXGroup;
			children = (
				833936A92B6C78880049FDC7 /* Subviews */,
				833936A32B6C73580049FDC7 /* DoNotDisturbView.swift */,
			);
			path = Focus;
			sourceTree = "<group>";
		};
		833936A92B6C78880049FDC7 /* Subviews */ = {
			isa = PBXGroup;
			children = (
				833936A72B6C77EA0049FDC7 /* ScheduleView.swift */,
			);
			path = Subviews;
			sourceTree = "<group>";
		};
		833D23162B70455900EB3E8F /* Sounds & Haptics */ = {
			isa = PBXGroup;
			children = (
				833D23192B70461E00EB3E8F /* Headphone Safety */,
				833D23172B70456F00EB3E8F /* HeadphoneSafetyView.swift */,
			);
			path = "Sounds & Haptics";
			sourceTree = "<group>";
		};
		833D23192B70461E00EB3E8F /* Headphone Safety */ = {
			isa = PBXGroup;
			children = (
				833D231A2B70463000EB3E8F /* HeadphoneNotificationsView.swift */,
				833D231C2B70478200EB3E8F /* ReduceLoudSoundsView.swift */,
			);
			path = "Headphone Safety";
			sourceTree = "<group>";
		};
		8353FA762B73F5B700C78938 /* Clock */ = {
			isa = PBXGroup;
			children = (
				8353FA772B73F5C300C78938 /* ClockSoundsView.swift */,
				8353FA792B73F73800C78938 /* TapticTimeView.swift */,
				8353FA7B2B73F8E800C78938 /* SiriFaceDataSourcesView.swift */,
			);
			path = Clock;
			sourceTree = "<group>";
		};
		835DE6022B6C09F300FC23C8 /* Views */ = {
			isa = PBXGroup;
			children = (
				836D6AB72B6C3F0D008DBB8F /* Notifications */,
				836D6ABE2B6C43A6008DBB8F /* General */,
				8339369F2B6C715E0049FDC7 /* Focus */,
				83EDDA802B6D2EA800DC2F2B /* Display & Brightness */,
				83EDDA992B6DAAE300DC2F2B /* Accessibility */,
				83E6C38F2B6F163B003DDBC7 /* Siri */,
				833D23162B70455900EB3E8F /* Sounds & Haptics */,
				8305D1A22B7149BB0031865E /* SOS */,
				83A292A32B728DBD0028907F /* Privacy & Security */,
				8353FA762B73F5B700C78938 /* Clock */,
				835DE60A2B6C134E00FC23C8 /* NotificationsView.swift */,
				836D6ABC2B6C42DD008DBB8F /* GeneralView.swift */,
				833936A02B6C716D0049FDC7 /* FocusView.swift */,
				833936AA2B6C80FF0049FDC7 /* AirplaneModeView.swift */,
				83EDDA7E2B6D267500DC2F2B /* DisplayBrightnessView.swift */,
				83EDDA912B6DA1A800DC2F2B /* AppView.swift */,
				83EDDA932B6DA5FE00DC2F2B /* GesturesView.swift */,
				83EDDA952B6DA6E900DC2F2B /* DoubleTapView.swift */,
				83EDDA972B6DA8E800DC2F2B /* AccessibilityView.swift */,
				83E6C38D2B6F1152003DDBC7 /* SiriView.swift */,
				833D23142B70442A00EB3E8F /* SoundsHapticsView.swift */,
				8305D19E2B7145220031865E /* PasscodeView.swift */,
				8305D1A02B7149130031865E /* SOSView.swift */,
				83A2929E2B7280D20028907F /* PrivacySecurityView.swift */,
				8353FA722B73592D00C78938 /* ClockView.swift */,
			);
			path = Views;
			sourceTree = "<group>";
		};
		835DE6032B6C09F900FC23C8 /* Models */ = {
			isa = PBXGroup;
			children = (
				835DE6062B6C105B00FC23C8 /* NanoSettingsModel.swift */,
			);
			path = Models;
			sourceTree = "<group>";
		};
		835DE6042B6C0A0F00FC23C8 /* Templates */ = {
			isa = PBXGroup;
			children = (
				835DE6082B6C116100FC23C8 /* SettingsLink.swift */,
				836D6ABA2B6C408C008DBB8F /* IconToggle.swift */,
				836D6AC12B6C4428008DBB8F /* ClearRow.swift */,
				833936952B6C68890049FDC7 /* IconLabel.swift */,
				833936A52B6C75D10049FDC7 /* SymbolLink.swift */,
				8353FA742B73F52C00C78938 /* RowLabel.swift */,
			);
			path = Templates;
			sourceTree = "<group>";
		};
		836D6AB72B6C3F0D008DBB8F /* Notifications */ = {
			isa = PBXGroup;
			children = (
				836D6AB82B6C3FD1008DBB8F /* ShowNotificationsView.swift */,
			);
			path = Notifications;
			sourceTree = "<group>";
		};
		836D6ABE2B6C43A6008DBB8F /* General */ = {
			isa = PBXGroup;
			children = (
				83EDDA8A2B6D338600DC2F2B /* Return to Clock */,
				836D6ABF2B6C43B0008DBB8F /* AboutView.swift */,
				836D6AC32B6C4682008DBB8F /* SoftwareUpdateView.swift */,
				836D6AC52B6C4715008DBB8F /* OrientationView.swift */,
				8339368F2B6C57F50049FDC7 /* AutoLaunchView.swift */,
				833936912B6C58F30049FDC7 /* BackgroundAppRefreshView.swift */,
				833936932B6C5A1B0049FDC7 /* ReturnClockView.swift */,
				833936972B6C69C00049FDC7 /* NightstandModeView.swift */,
				833936992B6C6A420049FDC7 /* HandoffView.swift */,
				8339369B2B6C6ACF0049FDC7 /* WebsiteDataView.swift */,
				8339369D2B6C6B720049FDC7 /* ProfilesView.swift */,
			);
			path = General;
			sourceTree = "<group>";
		};
		83A04AE82B6E12FD00C34E53 /* Chimes */ = {
			isa = PBXGroup;
			children = (
				83A04AE92B6E131400C34E53 /* ChimesScheduleView.swift */,
				83A04AEB2B6E147200C34E53 /* ChimesSoundsView.swift */,
			);
			path = Chimes;
			sourceTree = "<group>";
		};
		83A292A32B728DBD0028907F /* Privacy & Security */ = {
			isa = PBXGroup;
			children = (
				83A292AA2B72962C0028907F /* Location Services */,
				83A292AF2B729D5B0028907F /* Health */,
				83A292A42B728DD80028907F /* LocationServicesView.swift */,
				83A292AB2B72984B0028907F /* AppPermissionsDetailView.swift */,
				83A292AD2B729CFF0028907F /* HealthView.swift */,
			);
			path = "Privacy & Security";
			sourceTree = "<group>";
		};
		83A292AA2B72962C0028907F /* Location Services */ = {
			isa = PBXGroup;
			children = (
				83A292A62B7294DF0028907F /* LocationServicesDetailView.swift */,
				83A292A82B72960C0028907F /* SystemServicesView.swift */,
			);
			path = "Location Services";
			sourceTree = "<group>";
		};
		83A292AF2B729D5B0028907F /* Health */ = {
			isa = PBXGroup;
			children = (
				83A292B02B729D7A0028907F /* HeartRateView.swift */,
				83A292B22B729DE90028907F /* TimeDaylightView.swift */,
				83A292B42B729E2E0028907F /* HeadphoneAudioLevelsView.swift */,
			);
			path = Health;
			sourceTree = "<group>";
		};
		83E6C38F2B6F163B003DDBC7 /* Siri */ = {
			isa = PBXGroup;
			children = (
				83E6C3902B6F16D4003DDBC7 /* SiriHistoryView.swift */,
				83B7CD392B7019860024307F /* LanguageView.swift */,
				83B7CD3B2B701D1A0024307F /* SiriResponsesView.swift */,
				83B7CD3D2B701E420024307F /* SiriSuggestionsDetailView.swift */,
			);
			path = Siri;
			sourceTree = "<group>";
		};
		83EDDA802B6D2EA800DC2F2B /* Display & Brightness */ = {
			isa = PBXGroup;
			children = (
				83EDDA852B6D309500DC2F2B /* Always On */,
				83EDDA812B6D2EBE00DC2F2B /* TextSizeView.swift */,
				83EDDA832B6D2FC200DC2F2B /* AlwaysOnView.swift */,
				83EDDA8F2B6D9F5800DC2F2B /* WakeDurationView.swift */,
			);
			path = "Display & Brightness";
			sourceTree = "<group>";
		};
		83EDDA852B6D309500DC2F2B /* Always On */ = {
			isa = PBXGroup;
			children = (
				83EDDA862B6D30A000DC2F2B /* ShowComplicationDataView.swift */,
				83EDDA8D2B6D9E2E00DC2F2B /* ShowAppsView.swift */,
			);
			path = "Always On";
			sourceTree = "<group>";
		};
		83EDDA8A2B6D338600DC2F2B /* Return to Clock */ = {
			isa = PBXGroup;
			children = (
				83EDDA8B2B6D339900DC2F2B /* ReturnClockDetailView.swift */,
			);
			path = "Return to Clock";
			sourceTree = "<group>";
		};
		83EDDA992B6DAAE300DC2F2B /* Accessibility */ = {
			isa = PBXGroup;
			children = (
				83A04AE82B6E12FD00C34E53 /* Chimes */,
				8319878E2B6ECF03009937B0 /* Touch Accommodations */,
				831987952B6EF27C009937B0 /* Live Speech */,
				83EDDA9A2B6DAAF400DC2F2B /* ReduceMotionView.swift */,
				83A04AE62B6E124900C34E53 /* ChimesView.swift */,
				83A04AED2B6E164D00C34E53 /* QuickActionsView.swift */,
				8319878C2B6ECBD9009937B0 /* TouchAccommodationsView.swift */,
				831987912B6EEC10009937B0 /* AccessibilitySiriView.swift */,
				831987932B6EF020009937B0 /* LiveSpeechView.swift */,
				8319879D2B6EFA76009937B0 /* AccessibilityShortcutView.swift */,
			);
			path = Accessibility;
			sourceTree = "<group>";
		};
/* End PBXGroup section */

/* Begin PBXNativeTarget section */
		832895792B6C014300A9CB97 /* NanoSettings */ = {
			isa = PBXNativeTarget;
			buildConfigurationList = 8328958A2B6C014400A9CB97 /* Build configuration list for PBXNativeTarget "NanoSettings" */;
			buildPhases = (
				832895762B6C014300A9CB97 /* Sources */,
				832895772B6C014300A9CB97 /* Frameworks */,
				832895782B6C014300A9CB97 /* Resources */,
			);
			buildRules = (
			);
			dependencies = (
			);
			name = NanoSettings;
			productName = "NanoSettings Watch App";
			productReference = 8328957A2B6C014300A9CB97 /* Settings.app */;
			productType = "com.apple.product-type.application";
		};
/* End PBXNativeTarget section */

/* Begin PBXProject section */
		8328956E2B6C014300A9CB97 /* Project object */ = {
			isa = PBXProject;
			attributes = {
				BuildIndependentTargetsInParallel = 1;
				LastSwiftUpdateCheck = 1530;
				LastUpgradeCheck = 1530;
				TargetAttributes = {
					832895792B6C014300A9CB97 = {
						CreatedOnToolsVersion = 15.3;
					};
				};
			};
			buildConfigurationList = 832895712B6C014300A9CB97 /* Build configuration list for PBXProject "NanoSettings" */;
			compatibilityVersion = "Xcode 14.0";
			developmentRegion = en;
			hasScannedForEncodings = 0;
			knownRegions = (
				en,
				Base,
			);
			mainGroup = 8328956D2B6C014300A9CB97;
			productRefGroup = 832895752B6C014300A9CB97 /* Products */;
			projectDirPath = "";
			projectRoot = "";
			targets = (
				832895792B6C014300A9CB97 /* NanoSettings */,
			);
		};
/* End PBXProject section */

/* Begin PBXResourcesBuildPhase section */
		832895782B6C014300A9CB97 /* Resources */ = {
			isa = PBXResourcesBuildPhase;
			buildActionMask = 2147483647;
			files = (
				832895872B6C014400A9CB97 /* Preview Assets.xcassets in Resources */,
				832895842B6C014400A9CB97 /* Assets.xcassets in Resources */,
			);
			runOnlyForDeploymentPostprocessing = 0;
		};
/* End PBXResourcesBuildPhase section */

/* Begin PBXSourcesBuildPhase section */
		832895762B6C014300A9CB97 /* Sources */ = {
			isa = PBXSourcesBuildPhase;
			buildActionMask = 2147483647;
			files = (
				8305D1A62B714B740031865E /* MedicalView.swift in Sources */,
				8339369E2B6C6B720049FDC7 /* ProfilesView.swift in Sources */,
				836D6ABB2B6C408C008DBB8F /* IconToggle.swift in Sources */,
				83EDDA7F2B6D267500DC2F2B /* DisplayBrightnessView.swift in Sources */,
				83E6C38E2B6F1152003DDBC7 /* SiriView.swift in Sources */,
				833936942B6C5A1B0049FDC7 /* ReturnClockView.swift in Sources */,
				833D231B2B70463000EB3E8F /* HeadphoneNotificationsView.swift in Sources */,
				835DE6092B6C116100FC23C8 /* SettingsLink.swift in Sources */,
				83A292B12B729D7A0028907F /* HeartRateView.swift in Sources */,
				83EDDA8E2B6D9E2E00DC2F2B /* ShowAppsView.swift in Sources */,
				831987902B6ECF10009937B0 /* SwipeGesturesView.swift in Sources */,
				831987972B6EF289009937B0 /* FavoritePhrasesView.swift in Sources */,
				8353FA7A2B73F73800C78938 /* TapticTimeView.swift in Sources */,
				83EDDA942B6DA5FE00DC2F2B /* GesturesView.swift in Sources */,
				833936962B6C68890049FDC7 /* IconLabel.swift in Sources */,
				83A292A52B728DD80028907F /* LocationServicesView.swift in Sources */,
				833936A82B6C77EA0049FDC7 /* ScheduleView.swift in Sources */,
				83B7CD3E2B701E420024307F /* SiriSuggestionsDetailView.swift in Sources */,
				83B7CD3C2B701D1A0024307F /* SiriResponsesView.swift in Sources */,
				83A04AEC2B6E147200C34E53 /* ChimesSoundsView.swift in Sources */,
				83A04AEE2B6E164D00C34E53 /* QuickActionsView.swift in Sources */,
				833936A42B6C73580049FDC7 /* DoNotDisturbView.swift in Sources */,
				83EDDA872B6D30A000DC2F2B /* ShowComplicationDataView.swift in Sources */,
				83A04AEA2B6E131400C34E53 /* ChimesScheduleView.swift in Sources */,
				83A292AC2B72984B0028907F /* AppPermissionsDetailView.swift in Sources */,
				83EDDA962B6DA6E900DC2F2B /* DoubleTapView.swift in Sources */,
				8353FA732B73592D00C78938 /* ClockView.swift in Sources */,
				831987992B6EF4DF009937B0 /* VoicesView.swift in Sources */,
				835DE60B2B6C134E00FC23C8 /* NotificationsView.swift in Sources */,
				8305D19F2B7145220031865E /* PasscodeView.swift in Sources */,
				836D6AB92B6C3FD1008DBB8F /* ShowNotificationsView.swift in Sources */,
				83EDDA842B6D2FC200DC2F2B /* AlwaysOnView.swift in Sources */,
				836D6AC22B6C4428008DBB8F /* ClearRow.swift in Sources */,
				831987922B6EEC10009937B0 /* AccessibilitySiriView.swift in Sources */,
				833936A12B6C716D0049FDC7 /* FocusView.swift in Sources */,
				8353FA7C2B73F8E800C78938 /* SiriFaceDataSourcesView.swift in Sources */,
				83A292A72B7294DF0028907F /* LocationServicesDetailView.swift in Sources */,
				8319879C2B6EF808009937B0 /* VoicesDetailView.swift in Sources */,
				83EDDA8C2B6D339900DC2F2B /* ReturnClockDetailView.swift in Sources */,
				83EDDA9B2B6DAAF400DC2F2B /* ReduceMotionView.swift in Sources */,
				83A292A92B72960C0028907F /* SystemServicesView.swift in Sources */,
				8353FA782B73F5C300C78938 /* ClockSoundsView.swift in Sources */,
				83B7CD3A2B7019860024307F /* LanguageView.swift in Sources */,
				8353FA752B73F52C00C78938 /* RowLabel.swift in Sources */,
				833D23182B70456F00EB3E8F /* HeadphoneSafetyView.swift in Sources */,
				836D6AC02B6C43B0008DBB8F /* AboutView.swift in Sources */,
				832895822B6C014300A9CB97 /* ContentView.swift in Sources */,
				836D6ABD2B6C42DD008DBB8F /* GeneralView.swift in Sources */,
				832895802B6C014300A9CB97 /* NanoSettingsApp.swift in Sources */,
				836D6AC42B6C4682008DBB8F /* SoftwareUpdateView.swift in Sources */,
				833936902B6C57F50049FDC7 /* AutoLaunchView.swift in Sources */,
				833936AB2B6C80FF0049FDC7 /* AirplaneModeView.swift in Sources */,
				83EDDA982B6DA8E800DC2F2B /* AccessibilityView.swift in Sources */,
				833D23152B70442A00EB3E8F /* SoundsHapticsView.swift in Sources */,
				83A04AE72B6E124900C34E53 /* ChimesView.swift in Sources */,
				835DE6072B6C105B00FC23C8 /* NanoSettingsModel.swift in Sources */,
				833936922B6C58F30049FDC7 /* BackgroundAppRefreshView.swift in Sources */,
				833936A62B6C75D10049FDC7 /* SymbolLink.swift in Sources */,
				83A292B32B729DE90028907F /* TimeDaylightView.swift in Sources */,
				83A292AE2B729CFF0028907F /* HealthView.swift in Sources */,
				831987942B6EF020009937B0 /* LiveSpeechView.swift in Sources */,
				8305D1A12B7149130031865E /* SOSView.swift in Sources */,
				8305D1A42B7149D00031865E /* HoldSideButtonView.swift in Sources */,
				83EDDA922B6DA1A800DC2F2B /* AppView.swift in Sources */,
				8319878D2B6ECBD9009937B0 /* TouchAccommodationsView.swift in Sources */,
				83E6C3912B6F16D4003DDBC7 /* SiriHistoryView.swift in Sources */,
				83EDDA902B6D9F5800DC2F2B /* WakeDurationView.swift in Sources */,
				83EDDA822B6D2EBE00DC2F2B /* TextSizeView.swift in Sources */,
				833D231D2B70478200EB3E8F /* ReduceLoudSoundsView.swift in Sources */,
				8339369A2B6C6A420049FDC7 /* HandoffView.swift in Sources */,
				833936982B6C69C00049FDC7 /* NightstandModeView.swift in Sources */,
				83A292B52B729E2E0028907F /* HeadphoneAudioLevelsView.swift in Sources */,
				8339369C2B6C6ACF0049FDC7 /* WebsiteDataView.swift in Sources */,
				83A2929F2B7280D20028907F /* PrivacySecurityView.swift in Sources */,
				8319879E2B6EFA76009937B0 /* AccessibilityShortcutView.swift in Sources */,
				836D6AC62B6C4715008DBB8F /* OrientationView.swift in Sources */,
			);
			runOnlyForDeploymentPostprocessing = 0;
		};
/* End PBXSourcesBuildPhase section */

/* Begin XCBuildConfiguration section */
		832895882B6C014400A9CB97 /* Debug */ = {
			isa = XCBuildConfiguration;
			buildSettings = {
				ALWAYS_SEARCH_USER_PATHS = NO;
				ASSETCATALOG_COMPILER_GENERATE_SWIFT_ASSET_SYMBOL_EXTENSIONS = YES;
				CLANG_ANALYZER_NONNULL = YES;
				CLANG_ANALYZER_NUMBER_OBJECT_CONVERSION = YES_AGGRESSIVE;
				CLANG_CXX_LANGUAGE_STANDARD = "gnu++20";
				CLANG_ENABLE_MODULES = YES;
				CLANG_ENABLE_OBJC_ARC = YES;
				CLANG_ENABLE_OBJC_WEAK = YES;
				CLANG_WARN_BLOCK_CAPTURE_AUTORELEASING = YES;
				CLANG_WARN_BOOL_CONVERSION = YES;
				CLANG_WARN_COMMA = YES;
				CLANG_WARN_CONSTANT_CONVERSION = YES;
				CLANG_WARN_DEPRECATED_OBJC_IMPLEMENTATIONS = YES;
				CLANG_WARN_DIRECT_OBJC_ISA_USAGE = YES_ERROR;
				CLANG_WARN_DOCUMENTATION_COMMENTS = YES;
				CLANG_WARN_EMPTY_BODY = YES;
				CLANG_WARN_ENUM_CONVERSION = YES;
				CLANG_WARN_INFINITE_RECURSION = YES;
				CLANG_WARN_INT_CONVERSION = YES;
				CLANG_WARN_NON_LITERAL_NULL_CONVERSION = YES;
				CLANG_WARN_OBJC_IMPLICIT_RETAIN_SELF = YES;
				CLANG_WARN_OBJC_LITERAL_CONVERSION = YES;
				CLANG_WARN_OBJC_ROOT_CLASS = YES_ERROR;
				CLANG_WARN_QUOTED_INCLUDE_IN_FRAMEWORK_HEADER = YES;
				CLANG_WARN_RANGE_LOOP_ANALYSIS = YES;
				CLANG_WARN_STRICT_PROTOTYPES = YES;
				CLANG_WARN_SUSPICIOUS_MOVE = YES;
				CLANG_WARN_UNGUARDED_AVAILABILITY = YES_AGGRESSIVE;
				CLANG_WARN_UNREACHABLE_CODE = YES;
				CLANG_WARN__DUPLICATE_METHOD_MATCH = YES;
				COPY_PHASE_STRIP = NO;
				DEBUG_INFORMATION_FORMAT = dwarf;
				ENABLE_STRICT_OBJC_MSGSEND = YES;
				ENABLE_TESTABILITY = YES;
				ENABLE_USER_SCRIPT_SANDBOXING = YES;
				GCC_C_LANGUAGE_STANDARD = gnu17;
				GCC_DYNAMIC_NO_PIC = NO;
				GCC_NO_COMMON_BLOCKS = YES;
				GCC_OPTIMIZATION_LEVEL = 0;
				GCC_PREPROCESSOR_DEFINITIONS = (
					"DEBUG=1",
					"$(inherited)",
				);
				GCC_WARN_64_TO_32_BIT_CONVERSION = YES;
				GCC_WARN_ABOUT_RETURN_TYPE = YES_ERROR;
				GCC_WARN_UNDECLARED_SELECTOR = YES;
				GCC_WARN_UNINITIALIZED_AUTOS = YES_AGGRESSIVE;
				GCC_WARN_UNUSED_FUNCTION = YES;
				GCC_WARN_UNUSED_VARIABLE = YES;
				LOCALIZATION_PREFERS_STRING_CATALOGS = YES;
				MTL_ENABLE_DEBUG_INFO = INCLUDE_SOURCE;
				MTL_FAST_MATH = YES;
				ONLY_ACTIVE_ARCH = YES;
				SWIFT_ACTIVE_COMPILATION_CONDITIONS = "DEBUG $(inherited)";
				SWIFT_OPTIMIZATION_LEVEL = "-Onone";
			};
			name = Debug;
		};
		832895892B6C014400A9CB97 /* Release */ = {
			isa = XCBuildConfiguration;
			buildSettings = {
				ALWAYS_SEARCH_USER_PATHS = NO;
				ASSETCATALOG_COMPILER_GENERATE_SWIFT_ASSET_SYMBOL_EXTENSIONS = YES;
				CLANG_ANALYZER_NONNULL = YES;
				CLANG_ANALYZER_NUMBER_OBJECT_CONVERSION = YES_AGGRESSIVE;
				CLANG_CXX_LANGUAGE_STANDARD = "gnu++20";
				CLANG_ENABLE_MODULES = YES;
				CLANG_ENABLE_OBJC_ARC = YES;
				CLANG_ENABLE_OBJC_WEAK = YES;
				CLANG_WARN_BLOCK_CAPTURE_AUTORELEASING = YES;
				CLANG_WARN_BOOL_CONVERSION = YES;
				CLANG_WARN_COMMA = YES;
				CLANG_WARN_CONSTANT_CONVERSION = YES;
				CLANG_WARN_DEPRECATED_OBJC_IMPLEMENTATIONS = YES;
				CLANG_WARN_DIRECT_OBJC_ISA_USAGE = YES_ERROR;
				CLANG_WARN_DOCUMENTATION_COMMENTS = YES;
				CLANG_WARN_EMPTY_BODY = YES;
				CLANG_WARN_ENUM_CONVERSION = YES;
				CLANG_WARN_INFINITE_RECURSION = YES;
				CLANG_WARN_INT_CONVERSION = YES;
				CLANG_WARN_NON_LITERAL_NULL_CONVERSION = YES;
				CLANG_WARN_OBJC_IMPLICIT_RETAIN_SELF = YES;
				CLANG_WARN_OBJC_LITERAL_CONVERSION = YES;
				CLANG_WARN_OBJC_ROOT_CLASS = YES_ERROR;
				CLANG_WARN_QUOTED_INCLUDE_IN_FRAMEWORK_HEADER = YES;
				CLANG_WARN_RANGE_LOOP_ANALYSIS = YES;
				CLANG_WARN_STRICT_PROTOTYPES = YES;
				CLANG_WARN_SUSPICIOUS_MOVE = YES;
				CLANG_WARN_UNGUARDED_AVAILABILITY = YES_AGGRESSIVE;
				CLANG_WARN_UNREACHABLE_CODE = YES;
				CLANG_WARN__DUPLICATE_METHOD_MATCH = YES;
				COPY_PHASE_STRIP = NO;
				DEBUG_INFORMATION_FORMAT = "dwarf-with-dsym";
				ENABLE_NS_ASSERTIONS = NO;
				ENABLE_STRICT_OBJC_MSGSEND = YES;
				ENABLE_USER_SCRIPT_SANDBOXING = YES;
				GCC_C_LANGUAGE_STANDARD = gnu17;
				GCC_NO_COMMON_BLOCKS = YES;
				GCC_WARN_64_TO_32_BIT_CONVERSION = YES;
				GCC_WARN_ABOUT_RETURN_TYPE = YES_ERROR;
				GCC_WARN_UNDECLARED_SELECTOR = YES;
				GCC_WARN_UNINITIALIZED_AUTOS = YES_AGGRESSIVE;
				GCC_WARN_UNUSED_FUNCTION = YES;
				GCC_WARN_UNUSED_VARIABLE = YES;
				LOCALIZATION_PREFERS_STRING_CATALOGS = YES;
				MTL_ENABLE_DEBUG_INFO = NO;
				MTL_FAST_MATH = YES;
				SWIFT_COMPILATION_MODE = wholemodule;
			};
			name = Release;
		};
		8328958B2B6C014400A9CB97 /* Debug */ = {
			isa = XCBuildConfiguration;
			buildSettings = {
				ASSETCATALOG_COMPILER_APPICON_NAME = AppIcon;
				ASSETCATALOG_COMPILER_GLOBAL_ACCENT_COLOR_NAME = AccentColor;
				CODE_SIGN_STYLE = Automatic;
				CURRENT_PROJECT_VERSION = 1;
				DEVELOPMENT_ASSET_PATHS = "\"NanoSettings/Preview Content\"";
				ENABLE_PREVIEWS = YES;
				GENERATE_INFOPLIST_FILE = YES;
				INFOPLIST_KEY_UISupportedInterfaceOrientations = "UIInterfaceOrientationPortrait UIInterfaceOrientationPortraitUpsideDown";
				INFOPLIST_KEY_WKWatchOnly = YES;
				LD_RUNPATH_SEARCH_PATHS = (
					"$(inherited)",
					"@executable_path/Frameworks",
				);
				MARKETING_VERSION = 10.4;
				PRODUCT_BUNDLE_IDENTIFIER = com.exaple.NanoSettings;
				PRODUCT_NAME = Settings;
				SDKROOT = watchos;
				SKIP_INSTALL = YES;
				SWIFT_EMIT_LOC_STRINGS = YES;
				SWIFT_VERSION = 5.0;
				TARGETED_DEVICE_FAMILY = 4;
				WATCHOS_DEPLOYMENT_TARGET = 10.4;
			};
			name = Debug;
		};
		8328958C2B6C014400A9CB97 /* Release */ = {
			isa = XCBuildConfiguration;
			buildSettings = {
				ASSETCATALOG_COMPILER_APPICON_NAME = AppIcon;
				ASSETCATALOG_COMPILER_GLOBAL_ACCENT_COLOR_NAME = AccentColor;
				CODE_SIGN_STYLE = Automatic;
				CURRENT_PROJECT_VERSION = 1;
				DEVELOPMENT_ASSET_PATHS = "\"NanoSettings/Preview Content\"";
				ENABLE_PREVIEWS = YES;
				GENERATE_INFOPLIST_FILE = YES;
				INFOPLIST_KEY_UISupportedInterfaceOrientations = "UIInterfaceOrientationPortrait UIInterfaceOrientationPortraitUpsideDown";
				INFOPLIST_KEY_WKWatchOnly = YES;
				LD_RUNPATH_SEARCH_PATHS = (
					"$(inherited)",
					"@executable_path/Frameworks",
				);
				MARKETING_VERSION = 10.4;
				PRODUCT_BUNDLE_IDENTIFIER = com.exaple.NanoSettings;
				PRODUCT_NAME = Settings;
				SDKROOT = watchos;
				SKIP_INSTALL = YES;
				SWIFT_EMIT_LOC_STRINGS = YES;
				SWIFT_VERSION = 5.0;
				TARGETED_DEVICE_FAMILY = 4;
				VALIDATE_PRODUCT = YES;
				WATCHOS_DEPLOYMENT_TARGET = 10.4;
			};
			name = Release;
		};
/* End XCBuildConfiguration section */

/* Begin XCConfigurationList section */
		832895712B6C014300A9CB97 /* Build configuration list for PBXProject "NanoSettings" */ = {
			isa = XCConfigurationList;
			buildConfigurations = (
				832895882B6C014400A9CB97 /* Debug */,
				832895892B6C014400A9CB97 /* Release */,
			);
			defaultConfigurationIsVisible = 0;
			defaultConfigurationName = Release;
		};
		8328958A2B6C014400A9CB97 /* Build configuration list for PBXNativeTarget "NanoSettings" */ = {
			isa = XCConfigurationList;
			buildConfigurations = (
				8328958B2B6C014400A9CB97 /* Debug */,
				8328958C2B6C014400A9CB97 /* Release */,
			);
			defaultConfigurationIsVisible = 0;
			defaultConfigurationName = Release;
		};
/* End XCConfigurationList section */
	};
	rootObject = 8328956E2B6C014300A9CB97 /* Project object */;
}
